# Which stackyard version this machine runs.
#
# Pinned by COMMIT rather than by an archive hash: automatically generated
# archives are not guaranteed byte-stable, while a commit is immutable by
# definition. The tag only makes cloning cheap; if someone moves it, bootstrap
# refuses to work rather than substituting someone else's code.
#
# To update: ./bin/pin.sh <this-machine> from stackyard, then ./bootstrap here.
repo=https://github.com/apankov/stackyard.git
version=v0.3.0
commit=c288608fb5049451d262eee7a17deca0898ec408
