# На какой версии stackyard работает эта машина.
#
# Закрепление по КОММИТУ, а не по хешу архива: автоматические архивы GitHub
# байт-стабильными не гарантированы, а коммит неизменен по определению.
# Тег нужен только чтобы клонировать дешёво; если его передвинут, bootstrap
# откажется работать, а не подсунет чужой код.
#
# Обновить: ./bin/pin.sh <эта-машина> из stackyard, затем ./bootstrap здесь.
repo=https://github.com/apankov/stackyard.git
version=v0.3.0
commit=c288608fb5049451d262eee7a17deca0898ec408
